// !$*UTF8*$!
{
	archiveVersion = 1;
	classes = {
	};
	objectVersion = 46;
	objects = {

/* Begin PBXBuildFile section */
		6628785D16349E4500D53427 /* main.cpp in Sources */ = {isa = PBXBuildFile; fileRef = 6628785C16349E4500D53427 /* main.cpp */; };
		6628785F16349E4500D53427 /* Matrices.1 in CopyFiles */ = {isa = PBXBuildFile; fileRef = 6628785E16349E4500D53427 /* Matrices.1 */; };
/* End PBXBuildFile section */

/* Begin PBXCopyFilesBuildPhase section */
		6628785616349E4500D53427 /* CopyFiles */ = {
			isa = PBXCopyFilesBuildPhase;
			buildActionMask = 2147483647;
			dstPath = /usr/share/man/man1/;
			dstSubfolderSpec = 0;
			files = (
				6628785F16349E4500D53427 /* Matrices.1 in CopyFiles */,
			);
			runOnlyForDeploymentPostprocessing = 1;
		};
/* End PBXCopyFilesBuildPhase section */

/* Begin PBXFileReference section */
		6628785816349E4500D53427 /* Matrices */ = {isa = PBXFileReference; explicitFileType = "compiled.mach-o.executable"; includeInIndex = 0; path = Matrices; sourceTree = BUILT_PRODUCTS_DIR; };
		6628785C16349E4500D53427 /* main.cpp */ = {isa = PBXFileReference; lastKnownFileType = sourcecode.cpp.cpp; path = main.cpp; sourceTree = "<group>"; };
		6628785E16349E4500D53427 /* Matrices.1 */ = {isa = PBXFileReference; lastKnownFileType = text.man; path = Matrices.1; sourceTree = "<group>"; };
/* End PBXFileReference section */

/* Begin PBXFrameworksBuildPhase section */
		6628785516349E4500D53427 /* Frameworks */ = {
			isa = PBXFrameworksBuildPhase;
			buildActionMask = 2147483647;
			files = (
			);
			runOnlyForDeploymentPostprocessing = 0;
		};
/* End PBXFrameworksBuildPhase section */

/* Begin PBXGroup section */
		6628784D16349E4500D53427 = {
			isa = PBXGroup;
			children = (
				6628785B16349E4500D53427 /* Matrices */,
				6628785916349E4500D53427 /* Products */,
			);
			sourceTree = "<group>";
		};
		6628785916349E4500D53427 /* Products */ = {
			isa = PBXGroup;
			children = (
				6628785816349E4500D53427 /* Matrices */,
			);
			name = Products;
			sourceTree = "<group>";
		};
		6628785B16349E4500D53427 /* Matrices */ = {
			isa = PBXGroup;
			children = (
				6628785C16349E4500D53427 /* main.cpp */,
				6628785E16349E4500D53427 /* Matrices.1 */,
			);
			path = Matrices;
			sourceTree = "<group>";
		};
/* End PBXGroup section */

/* Begin PBXNativeTarget section */
		6628785716349E4500D53427 /* Matrices */ = {
			isa = PBXNativeTarget;
			buildConfigurationList = 6628786216349E4500D53427 /* Build configuration list for PBXNativeTarget "Matrices" */;
			buildPhases = (
				6628785416349E4500D53427 /* Sources */,
				6628785516349E4500D53427 /* Frameworks */,
				6628785616349E4500D53427 /* CopyFiles */,
			);
			buildRules = (
			);
			dependencies = (
			);
			name = Matrices;
			productName = Matrices;
			productReference = 6628785816349E4500D53427 /* Matrices */;
			productType = "com.apple.product-type.tool";
		};
/* End PBXNativeTarget section */

/* Begin PBXProject section */
		6628784F16349E4500D53427 /* Project object */ = {
			isa = PBXProject;
			attributes = {
				LastUpgradeCheck = 0450;
				ORGANIZATIONNAME = "Dogan Can Dogan";
			};
			buildConfigurationList = 6628785216349E4500D53427 /* Build configuration list for PBXProject "Matrices" */;
			compatibilityVersion = "Xcode 3.2";
			developmentRegion = English;
			hasScannedForEncodings = 0;
			knownRegions = (
				en,
			);
			mainGroup = 6628784D16349E4500D53427;
			productRefGroup = 6628785916349E4500D53427 /* Products */;
			projectDirPath = "";
			projectRoot = "";
			targets = (
				6628785716349E4500D53427 /* Matrices */,
			);
		};
/* End PBXProject section */

/* Begin PBXSourcesBuildPhase section */
		6628785416349E4500D53427 /* Sources */ = {
			isa = PBXSourcesBuildPhase;
			buildActionMask = 2147483647;
			files = (
				6628785D16349E4500D53427 /* main.cpp in Sources */,
			);
			runOnlyForDeploymentPostprocessing = 0;
		};
/* End PBXSourcesBuildPhase section */

/* Begin XCBuildConfiguration section */
		6628786016349E4500D53427 /* Debug */ = {
			isa = XCBuildConfiguration;
			buildSettings = {
				ALWAYS_SEARCH_USER_PATHS = NO;
				ARCHS = "$(ARCHS_STANDARD_64_BIT)";
				CLANG_CXX_LANGUAGE_STANDARD = "gnu++0x";
				CLANG_CXX_LIBRARY = "libc++";
				CLANG_ENABLE_OBJC_ARC = YES;
				CLANG_WARN_EMPTY_BODY = YES;
				CLANG_WARN__DUPLICATE_METHOD_MATCH = YES;
				COPY_PHASE_STRIP = NO;
				GCC_C_LANGUAGE_STANDARD = gnu99;
				GCC_DYNAMIC_NO_PIC = NO;
				GCC_ENABLE_OBJC_EXCEPTIONS = YES;
				GCC_OPTIMIZATION_LEVEL = 0;
				GCC_PREPROCESSOR_DEFINITIONS = (
					"DEBUG=1",
					"$(inherited)",
				);
				GCC_SYMBOLS_PRIVATE_EXTERN = NO;
				GCC_WARN_64_TO_32_BIT_CONVERSION = YES;
				GCC_WARN_ABOUT_RETURN_TYPE = YES;
				GCC_WARN_UNINITIALIZED_AUTOS = YES;
				GCC_WARN_UNUSED_VARIABLE = YES;
				MACOSX_DEPLOYMENT_TARGET = 10.8;
				ONLY_ACTIVE_ARCH = YES;
				SDKROOT = macosx;
			};
			name = Debug;
		};
		6628786116349E4500D53427 /* Release */ = {
			isa = XCBuildConfiguration;
			buildSettings = {
				ALWAYS_SEARCH_USER_PATHS = NO;
				ARCHS = "$(ARCHS_STANDARD_64_BIT)";
				CLANG_CXX_LANGUAGE_STANDARD = "gnu++0x";
				CLANG_CXX_LIBRARY = "libc++";
				CLANG_ENABLE_OBJC_ARC = YES;
				CLANG_WARN_EMPTY_BODY = YES;
				CLANG_WARN__DUPLICATE_METHOD_MATCH = YES;
				COPY_PHASE_STRIP = YES;
				DEBUG_INFORMATION_FORMAT = "dwarf-with-dsym";
				GCC_C_LANGUAGE_STANDARD = gnu99;
				GCC_ENABLE_OBJC_EXCEPTIONS = YES;
				GCC_WARN_64_TO_32_BIT_CONVERSION = YES;
				GCC_WARN_ABOUT_RETURN_TYPE = YES;
				GCC_WARN_UNINITIALIZED_AUTOS = YES;
				GCC_WARN_UNUSED_VARIABLE = YES;
				MACOSX_DEPLOYMENT_TARGET = 10.8;
				SDKROOT = macosx;
			};
			name = Release;
		};
		6628786316349E4500D53427 /* Debug */ = {
			isa = XCBuildConfiguration;
			buildSettings = {
				PRODUCT_NAME = "$(TARGET_NAME)";
			};
			name = Debug;
		};
		6628786416349E4500D53427 /* Release */ = {
			isa = XCBuildConfiguration;
			buildSettings = {
				PRODUCT_NAME = "$(TARGET_NAME)";
			};
			name = Release;
		};
/* End XCBuildConfiguration section */

/* Begin XCConfigurationList section */
		6628785216349E4500D53427 /* Build configuration list for PBXProject "Matrices" */ = {
			isa = XCConfigurationList;
			buildConfigurations = (
				6628786016349E4500D53427 /* Debug */,
				6628786116349E4500D53427 /* Release */,
			);
			defaultConfigurationIsVisible = 0;
			defaultConfigurationName = Release;
		};
		6628786216349E4500D53427 /* Build configuration list for PBXNativeTarget "Matrices" */ = {
			isa = XCConfigurationList;
			buildConfigurations = (
				6628786316349E4500D53427 /* Debug */,
				6628786416349E4500D53427 /* Release */,
			);
			defaultConfigurationIsVisible = 0;
		};
/* End XCConfigurationList section */
	};
	rootObject = 6628784F16349E4500D53427 /* Project object */;
}
